
Microsoft Visual Studio Solution File, Format Version 12.00
# Visual Studio 15
VisualStudioVersion = 15.0.27703.2042
MinimumVisualStudioVersion = 10.0.40219.1
Project("{7CF6DF6D-3B04-46F8-A40B-537D21BCA0B4}") = "LevridgeDocumentationStrategy", "LevridgeDocumentationStrategy\LevridgeDocumentationStrategy.shfbproj", "{2D0DD9F4-23ED-406F-A308-A235A1D45DCE}"
EndProject
Global
	GlobalSection(SolutionConfigurationPlatforms) = preSolution
		Debug|Any CPU = Debug|Any CPU
		Release|Any CPU = Release|Any CPU
	EndGlobalSection
	GlobalSection(ProjectConfigurationPlatforms) = postSolution
		{2D0DD9F4-23ED-406F-A308-A235A1D45DCE}.Debug|Any CPU.ActiveCfg = Debug|Any CPU
		{2D0DD9F4-23ED-406F-A308-A235A1D45DCE}.Debug|Any CPU.Build.0 = Debug|Any CPU
		{2D0DD9F4-23ED-406F-A308-A235A1D45DCE}.Release|Any CPU.ActiveCfg = Release|Any CPU
		{2D0DD9F4-23ED-406F-A308-A235A1D45DCE}.Release|Any CPU.Build.0 = Release|Any CPU
	EndGlobalSection
	GlobalSection(SolutionProperties) = preSolution
		HideSolutionNode = FALSE
	EndGlobalSection
	GlobalSection(ExtensibilityGlobals) = postSolution
		SolutionGuid = {70878711-B835-4A14-AF68-9959FF5E9B40}
	EndGlobalSection
EndGlobal
